
Microsoft Visual Studio Solution File, Format Version 12.00
# Visual Studio Version 16
VisualStudioVersion = 16.0.31911.196
MinimumVisualStudioVersion = 10.0.40219.1
Project("{FAE04EC0-301F-11D3-BF4B-00C04F79EFBC}") = "serialTerm", "serialTerm\serialTerm.csproj", "{AEB2A181-8CD3-4782-99E7-8A0B3E0FC6A2}"
EndProject
Global
	GlobalSection(SolutionConfigurationPlatforms) = preSolution
		Debug|Any CPU = Debug|Any CPU
		Release|Any CPU = Release|Any CPU
	EndGlobalSection
	GlobalSection(ProjectConfigurationPlatforms) = postSolution
		{AEB2A181-8CD3-4782-99E7-8A0B3E0FC6A2}.Debug|Any CPU.ActiveCfg = Debug|Any CPU
		{AEB2A181-8CD3-4782-99E7-8A0B3E0FC6A2}.Debug|Any CPU.Build.0 = Debug|Any CPU
		{AEB2A181-8CD3-4782-99E7-8A0B3E0FC6A2}.Release|Any CPU.ActiveCfg = Release|Any CPU
		{AEB2A181-8CD3-4782-99E7-8A0B3E0FC6A2}.Release|Any CPU.Build.0 = Release|Any CPU
	EndGlobalSection
	GlobalSection(SolutionProperties) = preSolution
		HideSolutionNode = FALSE
	EndGlobalSection
	GlobalSection(ExtensibilityGlobals) = postSolution
		SolutionGuid = {569A0A42-5C25-49BF-AE33-2291F184A0D6}
	EndGlobalSection
EndGlobal
